// !$*UTF8*$!
{
	archiveVersion = 1;
	classes = {
	};
	objectVersion = 46;
	objects = {

/* Begin PBXBuildFile section */
		CCA055A81C286094009D47DE /* ImageRenderer.swift in Sources */ = {isa = PBXBuildFile; fileRef = CCA055A71C286094009D47DE /* ImageRenderer.swift */; };
		CCA055AA1C2860ED009D47DE /* Renderer.swift in Sources */ = {isa = PBXBuildFile; fileRef = CCA055A91C2860ED009D47DE /* Renderer.swift */; };
		CCA055AC1C298E8A009D47DE /* ImageShaders.metal in Sources */ = {isa = PBXBuildFile; fileRef = CCA055AB1C298E8A009D47DE /* ImageShaders.metal */; };
		CCA055AE1C2A90C5009D47DE /* BlueMarble.png in Resources */ = {isa = PBXBuildFile; fileRef = CCA055AD1C2A90C5009D47DE /* BlueMarble.png */; };
		CCA057261C32C6F6009D47DE /* DrawView.swift in Sources */ = {isa = PBXBuildFile; fileRef = CCA057251C32C6F6009D47DE /* DrawView.swift */; };
		CCA0572A1C37905A009D47DE /* Grid.png in Resources */ = {isa = PBXBuildFile; fileRef = CCA057291C37905A009D47DE /* Grid.png */; };
		CCA0572D1C397588009D47DE /* GeoUtils.swift in Sources */ = {isa = PBXBuildFile; fileRef = CCA0572C1C397588009D47DE /* GeoUtils.swift */; };
		CCCE14361C27ECE100A56D3B /* AppDelegate.swift in Sources */ = {isa = PBXBuildFile; fileRef = CCCE14351C27ECE100A56D3B /* AppDelegate.swift */; };
		CCCE14381C27ECE100A56D3B /* DrawViewController.swift in Sources */ = {isa = PBXBuildFile; fileRef = CCCE14371C27ECE100A56D3B /* DrawViewController.swift */; };
		CCCE143A1C27ECE200A56D3B /* Assets.xcassets in Resources */ = {isa = PBXBuildFile; fileRef = CCCE14391C27ECE200A56D3B /* Assets.xcassets */; };
		CCCE143D1C27ECE200A56D3B /* Main.storyboard in Resources */ = {isa = PBXBuildFile; fileRef = CCCE143B1C27ECE200A56D3B /* Main.storyboard */; };
/* End PBXBuildFile section */

/* Begin PBXFileReference section */
		CCA055A71C286094009D47DE /* ImageRenderer.swift */ = {isa = PBXFileReference; fileEncoding = 4; lastKnownFileType = sourcecode.swift; path = ImageRenderer.swift; sourceTree = "<group>"; };
		CCA055A91C2860ED009D47DE /* Renderer.swift */ = {isa = PBXFileReference; fileEncoding = 4; lastKnownFileType = sourcecode.swift; path = Renderer.swift; sourceTree = "<group>"; };
		CCA055AB1C298E8A009D47DE /* ImageShaders.metal */ = {isa = PBXFileReference; fileEncoding = 4; lastKnownFileType = sourcecode.metal; path = ImageShaders.metal; sourceTree = "<group>"; };
		CCA055AD1C2A90C5009D47DE /* BlueMarble.png */ = {isa = PBXFileReference; lastKnownFileType = image.png; path = BlueMarble.png; sourceTree = "<group>"; };
		CCA057251C32C6F6009D47DE /* DrawView.swift */ = {isa = PBXFileReference; fileEncoding = 4; lastKnownFileType = sourcecode.swift; path = DrawView.swift; sourceTree = "<group>"; };
		CCA057291C37905A009D47DE /* Grid.png */ = {isa = PBXFileReference; lastKnownFileType = image.png; path = Grid.png; sourceTree = "<group>"; };
		CCA0572C1C397588009D47DE /* GeoUtils.swift */ = {isa = PBXFileReference; fileEncoding = 4; lastKnownFileType = sourcecode.swift; path = GeoUtils.swift; sourceTree = "<group>"; };
		CCCE14321C27ECE100A56D3B /* Metal2D_Mac.app */ = {isa = PBXFileReference; explicitFileType = wrapper.application; includeInIndex = 0; path = Metal2D_Mac.app; sourceTree = BUILT_PRODUCTS_DIR; };
		CCCE14351C27ECE100A56D3B /* AppDelegate.swift */ = {isa = PBXFileReference; lastKnownFileType = sourcecode.swift; path = AppDelegate.swift; sourceTree = "<group>"; };
		CCCE14371C27ECE100A56D3B /* DrawViewController.swift */ = {isa = PBXFileReference; lastKnownFileType = sourcecode.swift; path = DrawViewController.swift; sourceTree = "<group>"; };
		CCCE14391C27ECE200A56D3B /* Assets.xcassets */ = {isa = PBXFileReference; lastKnownFileType = folder.assetcatalog; path = Assets.xcassets; sourceTree = "<group>"; };
		CCCE143C1C27ECE200A56D3B /* Base */ = {isa = PBXFileReference; lastKnownFileType = file.storyboard; name = Base; path = Base.lproj/Main.storyboard; sourceTree = "<group>"; };
		CCCE143E1C27ECE200A56D3B /* Info.plist */ = {isa = PBXFileReference; lastKnownFileType = text.plist.xml; path = Info.plist; sourceTree = "<group>"; };
/* End PBXFileReference section */

/* Begin PBXFrameworksBuildPhase section */
		CCCE142F1C27ECE100A56D3B /* Frameworks */ = {
			isa = PBXFrameworksBuildPhase;
			buildActionMask = 2147483647;
			files = (
			);
			runOnlyForDeploymentPostprocessing = 0;
		};
/* End PBXFrameworksBuildPhase section */

/* Begin PBXGroup section */
		CCA055A41C282A52009D47DE /* Images */ = {
			isa = PBXGroup;
			children = (
				CCA057291C37905A009D47DE /* Grid.png */,
				CCA055AD1C2A90C5009D47DE /* BlueMarble.png */,
			);
			path = Images;
			sourceTree = "<group>";
		};
		CCCE14271C27EC9D00A56D3B = {
			isa = PBXGroup;
			children = (
				CCCE14341C27ECE100A56D3B /* Metal2D_Mac */,
				CCCE14331C27ECE100A56D3B /* Products */,
			);
			sourceTree = "<group>";
		};
		CCCE14331C27ECE100A56D3B /* Products */ = {
			isa = PBXGroup;
			children = (
				CCCE14321C27ECE100A56D3B /* Metal2D_Mac.app */,
			);
			name = Products;
			sourceTree = "<group>";
		};
		CCCE14341C27ECE100A56D3B /* Metal2D_Mac */ = {
			isa = PBXGroup;
			children = (
				CCA055A41C282A52009D47DE /* Images */,
				CCCE14351C27ECE100A56D3B /* AppDelegate.swift */,
				CCCE14371C27ECE100A56D3B /* DrawViewController.swift */,
				CCA057251C32C6F6009D47DE /* DrawView.swift */,
				CCA055A91C2860ED009D47DE /* Renderer.swift */,
				CCA055A71C286094009D47DE /* ImageRenderer.swift */,
				CCA055AB1C298E8A009D47DE /* ImageShaders.metal */,
				CCA0572C1C397588009D47DE /* GeoUtils.swift */,
				CCCE14391C27ECE200A56D3B /* Assets.xcassets */,
				CCCE143B1C27ECE200A56D3B /* Main.storyboard */,
				CCCE143E1C27ECE200A56D3B /* Info.plist */,
			);
			path = Metal2D_Mac;
			sourceTree = "<group>";
		};
/* End PBXGroup section */

/* Begin PBXNativeTarget section */
		CCCE14311C27ECE100A56D3B /* Metal2D_Mac */ = {
			isa = PBXNativeTarget;
			buildConfigurationList = CCCE143F1C27ECE200A56D3B /* Build configuration list for PBXNativeTarget "Metal2D_Mac" */;
			buildPhases = (
				CCCE142E1C27ECE100A56D3B /* Sources */,
				CCCE142F1C27ECE100A56D3B /* Frameworks */,
				CCCE14301C27ECE100A56D3B /* Resources */,
			);
			buildRules = (
			);
			dependencies = (
			);
			name = Metal2D_Mac;
			productName = MangaPro_Mac;
			productReference = CCCE14321C27ECE100A56D3B /* Metal2D_Mac.app */;
			productType = "com.apple.product-type.application";
		};
/* End PBXNativeTarget section */

/* Begin PBXProject section */
		CCCE14281C27EC9D00A56D3B /* Project object */ = {
			isa = PBXProject;
			attributes = {
				LastSwiftUpdateCheck = 0720;
				LastUpgradeCheck = 0720;
				TargetAttributes = {
					CCCE14311C27ECE100A56D3B = {
						CreatedOnToolsVersion = 7.2;
					};
				};
			};
			buildConfigurationList = CCCE142B1C27EC9D00A56D3B /* Build configuration list for PBXProject "Metal2D" */;
			compatibilityVersion = "Xcode 3.2";
			developmentRegion = English;
			hasScannedForEncodings = 0;
			knownRegions = (
				en,
				Base,
			);
			mainGroup = CCCE14271C27EC9D00A56D3B;
			productRefGroup = CCCE14331C27ECE100A56D3B /* Products */;
			projectDirPath = "";
			projectRoot = "";
			targets = (
				CCCE14311C27ECE100A56D3B /* Metal2D_Mac */,
			);
		};
/* End PBXProject section */

/* Begin PBXResourcesBuildPhase section */
		CCCE14301C27ECE100A56D3B /* Resources */ = {
			isa = PBXResourcesBuildPhase;
			buildActionMask = 2147483647;
			files = (
				CCA055AE1C2A90C5009D47DE /* BlueMarble.png in Resources */,
				CCCE143A1C27ECE200A56D3B /* Assets.xcassets in Resources */,
				CCA0572A1C37905A009D47DE /* Grid.png in Resources */,
				CCCE143D1C27ECE200A56D3B /* Main.storyboard in Resources */,
			);
			runOnlyForDeploymentPostprocessing = 0;
		};
/* End PBXResourcesBuildPhase section */

/* Begin PBXSourcesBuildPhase section */
		CCCE142E1C27ECE100A56D3B /* Sources */ = {
			isa = PBXSourcesBuildPhase;
			buildActionMask = 2147483647;
			files = (
				CCCE14381C27ECE100A56D3B /* DrawViewController.swift in Sources */,
				CCA055AC1C298E8A009D47DE /* ImageShaders.metal in Sources */,
				CCA057261C32C6F6009D47DE /* DrawView.swift in Sources */,
				CCCE14361C27ECE100A56D3B /* AppDelegate.swift in Sources */,
				CCA0572D1C397588009D47DE /* GeoUtils.swift in Sources */,
				CCA055AA1C2860ED009D47DE /* Renderer.swift in Sources */,
				CCA055A81C286094009D47DE /* ImageRenderer.swift in Sources */,
			);
			runOnlyForDeploymentPostprocessing = 0;
		};
/* End PBXSourcesBuildPhase section */

/* Begin PBXVariantGroup section */
		CCCE143B1C27ECE200A56D3B /* Main.storyboard */ = {
			isa = PBXVariantGroup;
			children = (
				CCCE143C1C27ECE200A56D3B /* Base */,
			);
			name = Main.storyboard;
			sourceTree = "<group>";
		};
/* End PBXVariantGroup section */

/* Begin XCBuildConfiguration section */
		CCCE142C1C27EC9D00A56D3B /* Debug */ = {
			isa = XCBuildConfiguration;
			buildSettings = {
			};
			name = Debug;
		};
		CCCE142D1C27EC9D00A56D3B /* Release */ = {
			isa = XCBuildConfiguration;
			buildSettings = {
			};
			name = Release;
		};
		CCCE14401C27ECE200A56D3B /* Debug */ = {
			isa = XCBuildConfiguration;
			buildSettings = {
				ALWAYS_SEARCH_USER_PATHS = NO;
				ASSETCATALOG_COMPILER_APPICON_NAME = AppIcon;
				CLANG_CXX_LANGUAGE_STANDARD = "gnu++0x";
				CLANG_CXX_LIBRARY = "libc++";
				CLANG_ENABLE_MODULES = YES;
				CLANG_ENABLE_OBJC_ARC = YES;
				CLANG_WARN_BOOL_CONVERSION = YES;
				CLANG_WARN_CONSTANT_CONVERSION = YES;
				CLANG_WARN_DIRECT_OBJC_ISA_USAGE = YES_ERROR;
				CLANG_WARN_EMPTY_BODY = YES;
				CLANG_WARN_ENUM_CONVERSION = YES;
				CLANG_WARN_INT_CONVERSION = YES;
				CLANG_WARN_OBJC_ROOT_CLASS = YES_ERROR;
				CLANG_WARN_UNREACHABLE_CODE = YES;
				CLANG_WARN__DUPLICATE_METHOD_MATCH = YES;
				CODE_SIGN_IDENTITY = "-";
				COMBINE_HIDPI_IMAGES = YES;
				COPY_PHASE_STRIP = NO;
				DEBUG_INFORMATION_FORMAT = dwarf;
				ENABLE_STRICT_OBJC_MSGSEND = YES;
				ENABLE_TESTABILITY = YES;
				GCC_C_LANGUAGE_STANDARD = gnu99;
				GCC_DYNAMIC_NO_PIC = NO;
				GCC_NO_COMMON_BLOCKS = YES;
				GCC_OPTIMIZATION_LEVEL = 0;
				GCC_PREPROCESSOR_DEFINITIONS = (
					"DEBUG=1",
					"$(inherited)",
				);
				GCC_WARN_64_TO_32_BIT_CONVERSION = YES;
				GCC_WARN_ABOUT_RETURN_TYPE = YES_ERROR;
				GCC_WARN_UNDECLARED_SELECTOR = YES;
				GCC_WARN_UNINITIALIZED_AUTOS = YES_AGGRESSIVE;
				GCC_WARN_UNUSED_FUNCTION = YES;
				GCC_WARN_UNUSED_VARIABLE = YES;
				INFOPLIST_FILE = "$(SRCROOT)/Metal2D_Mac/Info.plist";
				LD_RUNPATH_SEARCH_PATHS = "$(inherited) @executable_path/../Frameworks";
				MACOSX_DEPLOYMENT_TARGET = 10.11;
				MTL_ENABLE_DEBUG_INFO = YES;
				ONLY_ACTIVE_ARCH = YES;
				PRODUCT_BUNDLE_IDENTIFIER = "com.electricwoods.Metal2D-Mac";
				PRODUCT_NAME = Metal2D_Mac;
				SDKROOT = macosx;
				SWIFT_OPTIMIZATION_LEVEL = "-Onone";
			};
			name = Debug;
		};
		CCCE14411C27ECE200A56D3B /* Release */ = {
			isa = XCBuildConfiguration;
			buildSettings = {
				ALWAYS_SEARCH_USER_PATHS = NO;
				ASSETCATALOG_COMPILER_APPICON_NAME = AppIcon;
				CLANG_CXX_LANGUAGE_STANDARD = "gnu++0x";
				CLANG_CXX_LIBRARY = "libc++";
				CLANG_ENABLE_MODULES = YES;
				CLANG_ENABLE_OBJC_ARC = YES;
				CLANG_WARN_BOOL_CONVERSION = YES;
				CLANG_WARN_CONSTANT_CONVERSION = YES;
				CLANG_WARN_DIRECT_OBJC_ISA_USAGE = YES_ERROR;
				CLANG_WARN_EMPTY_BODY = YES;
				CLANG_WARN_ENUM_CONVERSION = YES;
				CLANG_WARN_INT_CONVERSION = YES;
				CLANG_WARN_OBJC_ROOT_CLASS = YES_ERROR;
				CLANG_WARN_UNREACHABLE_CODE = YES;
				CLANG_WARN__DUPLICATE_METHOD_MATCH = YES;
				CODE_SIGN_IDENTITY = "-";
				COMBINE_HIDPI_IMAGES = YES;
				COPY_PHASE_STRIP = NO;
				DEBUG_INFORMATION_FORMAT = "dwarf-with-dsym";
				ENABLE_NS_ASSERTIONS = NO;
				ENABLE_STRICT_OBJC_MSGSEND = YES;
				GCC_C_LANGUAGE_STANDARD = gnu99;
				GCC_NO_COMMON_BLOCKS = YES;
				GCC_WARN_64_TO_32_BIT_CONVERSION = YES;
				GCC_WARN_ABOUT_RETURN_TYPE = YES_ERROR;
				GCC_WARN_UNDECLARED_SELECTOR = YES;
				GCC_WARN_UNINITIALIZED_AUTOS = YES_AGGRESSIVE;
				GCC_WARN_UNUSED_FUNCTION = YES;
				GCC_WARN_UNUSED_VARIABLE = YES;
				INFOPLIST_FILE = "$(SRCROOT)/Metal2D_Mac/Info.plist";
				LD_RUNPATH_SEARCH_PATHS = "$(inherited) @executable_path/../Frameworks";
				MACOSX_DEPLOYMENT_TARGET = 10.11;
				MTL_ENABLE_DEBUG_INFO = NO;
				PRODUCT_BUNDLE_IDENTIFIER = "com.electricwoods.Metal2D-Mac";
				PRODUCT_NAME = Metal2D_Mac;
				SDKROOT = macosx;
			};
			name = Release;
		};
/* End XCBuildConfiguration section */

/* Begin XCConfigurationList section */
		CCCE142B1C27EC9D00A56D3B /* Build configuration list for PBXProject "Metal2D" */ = {
			isa = XCConfigurationList;
			buildConfigurations = (
				CCCE142C1C27EC9D00A56D3B /* Debug */,
				CCCE142D1C27EC9D00A56D3B /* Release */,
			);
			defaultConfigurationIsVisible = 0;
			defaultConfigurationName = Release;
		};
		CCCE143F1C27ECE200A56D3B /* Build configuration list for PBXNativeTarget "Metal2D_Mac" */ = {
			isa = XCConfigurationList;
			buildConfigurations = (
				CCCE14401C27ECE200A56D3B /* Debug */,
				CCCE14411C27ECE200A56D3B /* Release */,
			);
			defaultConfigurationIsVisible = 0;
			defaultConfigurationName = Release;
		};
/* End XCConfigurationList section */
	};
	rootObject = CCCE14281C27EC9D00A56D3B /* Project object */;
}
